{
  "requires": true,
  "lockfileVersion": 1,
  "dependencies": {
    "sweetalert2": {
      "version": "9.10.0",
      "resolved": "https://registry.npmjs.org/sweetalert2/-/sweetalert2-9.10.0.tgz",
      "integrity": "sha512-HYLRj1zuXtrMrYh2kzrRNzmcDIuNBsIB7ZN0AZctFaVS433QnnL/ihLoRm0COTqy38KOhYwKK1PMYVK/1rQ0Lg=="
    }
  }
}
